
Microsoft Visual Studio Solution File, Format Version 12.00
# Visual Studio Version 16
VisualStudioVersion = 16.0.29613.14
MinimumVisualStudioVersion = 10.0.40219.1
Project("{FAE04EC0-301F-11D3-BF4B-00C04F79EFBC}") = "WinFormsTask", "WinFormsTask\WinFormsTask.csproj", "{FF5693C6-41AC-46F7-8112-57F368435EFC}"
EndProject
Global
	GlobalSection(SolutionConfigurationPlatforms) = preSolution
		Debug|Any CPU = Debug|Any CPU
		Release|Any CPU = Release|Any CPU
	EndGlobalSection
	GlobalSection(ProjectConfigurationPlatforms) = postSolution
		{FF5693C6-41AC-46F7-8112-57F368435EFC}.Debug|Any CPU.ActiveCfg = Debug|Any CPU
		{FF5693C6-41AC-46F7-8112-57F368435EFC}.Debug|Any CPU.Build.0 = Debug|Any CPU
		{FF5693C6-41AC-46F7-8112-57F368435EFC}.Release|Any CPU.ActiveCfg = Release|Any CPU
		{FF5693C6-41AC-46F7-8112-57F368435EFC}.Release|Any CPU.Build.0 = Release|Any CPU
	EndGlobalSection
	GlobalSection(SolutionProperties) = preSolution
		HideSolutionNode = FALSE
	EndGlobalSection
	GlobalSection(ExtensibilityGlobals) = postSolution
		SolutionGuid = {0648F9CF-6690-4EA0-95EB-1FAC28ED9DC1}
	EndGlobalSection
EndGlobal
